// !$*UTF8*$!
{
	archiveVersion = 1;
	classes = {
	};
	objectVersion = 56;
	objects = {

/* Begin PBXBuildFile section */
		7F07D8D02C7F8124004CE5E6 /* NumberFactClient.swift in Sources */ = {isa = PBXBuildFile; fileRef = 7F07D8CF2C7F8124004CE5E6 /* NumberFactClient.swift */; };
		7F3A0D432C77D4C8005F4B2C /* SwiftUI_LearningSpaceApp.swift in Sources */ = {isa = PBXBuildFile; fileRef = 7F3A0D422C77D4C8005F4B2C /* SwiftUI_LearningSpaceApp.swift */; };
		7F3A0D492C77D4CA005F4B2C /* Assets.xcassets in Resources */ = {isa = PBXBuildFile; fileRef = 7F3A0D482C77D4CA005F4B2C /* Assets.xcassets */; };
		7F3A0D4C2C77D4CA005F4B2C /* Preview Assets.xcassets in Resources */ = {isa = PBXBuildFile; fileRef = 7F3A0D4B2C77D4CA005F4B2C /* Preview Assets.xcassets */; };
		7F3A0D562C77D4CA005F4B2C /* SwiftUI_LearningSpaceTests.swift in Sources */ = {isa = PBXBuildFile; fileRef = 7F3A0D552C77D4CA005F4B2C /* SwiftUI_LearningSpaceTests.swift */; };
		7F3A0D602C77D4CA005F4B2C /* SwiftUI_LearningSpaceUITests.swift in Sources */ = {isa = PBXBuildFile; fileRef = 7F3A0D5F2C77D4CA005F4B2C /* SwiftUI_LearningSpaceUITests.swift */; };
		7F3A0D622C77D4CA005F4B2C /* SwiftUI_LearningSpaceUITestsLaunchTests.swift in Sources */ = {isa = PBXBuildFile; fileRef = 7F3A0D612C77D4CA005F4B2C /* SwiftUI_LearningSpaceUITestsLaunchTests.swift */; };
		7F3A0D6F2C77D9BA005F4B2C /* ContentView.swift in Sources */ = {isa = PBXBuildFile; fileRef = 7F3A0D6E2C77D9BA005F4B2C /* ContentView.swift */; };
		7F3A0D712C77DC71005F4B2C /* SpinWithDragGesture.swift in Sources */ = {isa = PBXBuildFile; fileRef = 7F3A0D702C77DC71005F4B2C /* SpinWithDragGesture.swift */; };
		7F3A0D732C77DE83005F4B2C /* CustomAnimationList.swift in Sources */ = {isa = PBXBuildFile; fileRef = 7F3A0D722C77DE83005F4B2C /* CustomAnimationList.swift */; };
		7F4553812C861B2E006AB6CC /* CutImage.swift in Sources */ = {isa = PBXBuildFile; fileRef = 7F4553802C861B2E006AB6CC /* CutImage.swift */; };
		7F4553832C861E75006AB6CC /* Test.png in Resources */ = {isa = PBXBuildFile; fileRef = 7F4553822C861E75006AB6CC /* Test.png */; };
		7F568C4B2C7D095600CDFA3D /* CustomViewsList.swift in Sources */ = {isa = PBXBuildFile; fileRef = 7F568C4A2C7D095600CDFA3D /* CustomViewsList.swift */; };
		7F568C4D2C7D09CA00CDFA3D /* ShowWedge.swift in Sources */ = {isa = PBXBuildFile; fileRef = 7F568C4C2C7D09CA00CDFA3D /* ShowWedge.swift */; };
		7F568C4F2C7D09DF00CDFA3D /* LabeledWedge.swift in Sources */ = {isa = PBXBuildFile; fileRef = 7F568C4E2C7D09DF00CDFA3D /* LabeledWedge.swift */; };
		7FB5471D2C80D392008EBA9F /* AppFeature.swift in Sources */ = {isa = PBXBuildFile; fileRef = 7FB5471C2C80D392008EBA9F /* AppFeature.swift */; };
		7FB5471F2C80DA40008EBA9F /* AppFeatureTests.swift in Sources */ = {isa = PBXBuildFile; fileRef = 7FB5471E2C80DA40008EBA9F /* AppFeatureTests.swift */; };
		7FB547212C80E30D008EBA9F /* ContactsFeature.swift in Sources */ = {isa = PBXBuildFile; fileRef = 7FB547202C80E30D008EBA9F /* ContactsFeature.swift */; };
		7FB547232C80E470008EBA9F /* AddContactFeature.swift in Sources */ = {isa = PBXBuildFile; fileRef = 7FB547222C80E470008EBA9F /* AddContactFeature.swift */; };
		7FE3F24B2C7E610300A6CEB4 /* ComposableArchitecture in Frameworks */ = {isa = PBXBuildFile; productRef = 7FE3F24A2C7E610300A6CEB4 /* ComposableArchitecture */; };
		7FE3F24D2C7E615000A6CEB4 /* OtherList.swift in Sources */ = {isa = PBXBuildFile; fileRef = 7FE3F24C2C7E615000A6CEB4 /* OtherList.swift */; };
		7FE3F2502C7E619200A6CEB4 /* TCADemo.swift in Sources */ = {isa = PBXBuildFile; fileRef = 7FE3F24F2C7E619200A6CEB4 /* TCADemo.swift */; };
		7FE3F2522C7E61A200A6CEB4 /* CounterFeature.swift in Sources */ = {isa = PBXBuildFile; fileRef = 7FE3F2512C7E61A200A6CEB4 /* CounterFeature.swift */; };
/* End PBXBuildFile section */

/* Begin PBXContainerItemProxy section */
		7F3A0D522C77D4CA005F4B2C /* PBXContainerItemProxy */ = {
			isa = PBXContainerItemProxy;
			containerPortal = 7F3A0D372C77D4C7005F4B2C /* Project object */;
			proxyType = 1;
			remoteGlobalIDString = 7F3A0D3E2C77D4C8005F4B2C;
			remoteInfo = "SwiftUI-LearningSpace";
		};
		7F3A0D5C2C77D4CA005F4B2C /* PBXContainerItemProxy */ = {
			isa = PBXContainerItemProxy;
			containerPortal = 7F3A0D372C77D4C7005F4B2C /* Project object */;
			proxyType = 1;
			remoteGlobalIDString = 7F3A0D3E2C77D4C8005F4B2C;
			remoteInfo = "SwiftUI-LearningSpace";
		};
/* End PBXContainerItemProxy section */

/* Begin PBXFileReference section */
		7F07D8CF2C7F8124004CE5E6 /* NumberFactClient.swift */ = {isa = PBXFileReference; lastKnownFileType = sourcecode.swift; path = NumberFactClient.swift; sourceTree = "<group>"; };
		7F2620A12C7E76C40064CF68 /* SwiftUI-LearningSpace.xctestplan */ = {isa = PBXFileReference; lastKnownFileType = text; path = "SwiftUI-LearningSpace.xctestplan"; sourceTree = "<group>"; };
		7F3A0D3F2C77D4C8005F4B2C /* SwiftUI-LearningSpace.app */ = {isa = PBXFileReference; explicitFileType = wrapper.application; includeInIndex = 0; path = "SwiftUI-LearningSpace.app"; sourceTree = BUILT_PRODUCTS_DIR; };
		7F3A0D422C77D4C8005F4B2C /* SwiftUI_LearningSpaceApp.swift */ = {isa = PBXFileReference; lastKnownFileType = sourcecode.swift; path = SwiftUI_LearningSpaceApp.swift; sourceTree = "<group>"; };
		7F3A0D482C77D4CA005F4B2C /* Assets.xcassets */ = {isa = PBXFileReference; lastKnownFileType = folder.assetcatalog; path = Assets.xcassets; sourceTree = "<group>"; };
		7F3A0D4B2C77D4CA005F4B2C /* Preview Assets.xcassets */ = {isa = PBXFileReference; lastKnownFileType = folder.assetcatalog; path = "Preview Assets.xcassets"; sourceTree = "<group>"; };
		7F3A0D512C77D4CA005F4B2C /* SwiftUI-LearningSpaceTests.xctest */ = {isa = PBXFileReference; explicitFileType = wrapper.cfbundle; includeInIndex = 0; path = "SwiftUI-LearningSpaceTests.xctest"; sourceTree = BUILT_PRODUCTS_DIR; };
		7F3A0D552C77D4CA005F4B2C /* SwiftUI_LearningSpaceTests.swift */ = {isa = PBXFileReference; lastKnownFileType = sourcecode.swift; path = SwiftUI_LearningSpaceTests.swift; sourceTree = "<group>"; };
		7F3A0D5B2C77D4CA005F4B2C /* SwiftUI-LearningSpaceUITests.xctest */ = {isa = PBXFileReference; explicitFileType = wrapper.cfbundle; includeInIndex = 0; path = "SwiftUI-LearningSpaceUITests.xctest"; sourceTree = BUILT_PRODUCTS_DIR; };
		7F3A0D5F2C77D4CA005F4B2C /* SwiftUI_LearningSpaceUITests.swift */ = {isa = PBXFileReference; lastKnownFileType = sourcecode.swift; path = SwiftUI_LearningSpaceUITests.swift; sourceTree = "<group>"; };
		7F3A0D612C77D4CA005F4B2C /* SwiftUI_LearningSpaceUITestsLaunchTests.swift */ = {isa = PBXFileReference; lastKnownFileType = sourcecode.swift; path = SwiftUI_LearningSpaceUITestsLaunchTests.swift; sourceTree = "<group>"; };
		7F3A0D6E2C77D9BA005F4B2C /* ContentView.swift */ = {isa = PBXFileReference; lastKnownFileType = sourcecode.swift; path = ContentView.swift; sourceTree = "<group>"; };
		7F3A0D702C77DC71005F4B2C /* SpinWithDragGesture.swift */ = {isa = PBXFileReference; lastKnownFileType = sourcecode.swift; path = SpinWithDragGesture.swift; sourceTree = "<group>"; };
		7F3A0D722C77DE83005F4B2C /* CustomAnimationList.swift */ = {isa = PBXFileReference; lastKnownFileType = sourcecode.swift; path = CustomAnimationList.swift; sourceTree = "<group>"; };
		7F4553802C861B2E006AB6CC /* CutImage.swift */ = {isa = PBXFileReference; lastKnownFileType = sourcecode.swift; path = CutImage.swift; sourceTree = "<group>"; };
		7F4553822C861E75006AB6CC /* Test.png */ = {isa = PBXFileReference; lastKnownFileType = image.png; path = Test.png; sourceTree = "<group>"; };
		7F568C4A2C7D095600CDFA3D /* CustomViewsList.swift */ = {isa = PBXFileReference; lastKnownFileType = sourcecode.swift; path = CustomViewsList.swift; sourceTree = "<group>"; };
		7F568C4C2C7D09CA00CDFA3D /* ShowWedge.swift */ = {isa = PBXFileReference; lastKnownFileType = sourcecode.swift; path = ShowWedge.swift; sourceTree = "<group>"; };
		7F568C4E2C7D09DF00CDFA3D /* LabeledWedge.swift */ = {isa = PBXFileReference; lastKnownFileType = sourcecode.swift; path = LabeledWedge.swift; sourceTree = "<group>"; };
		7FB5471C2C80D392008EBA9F /* AppFeature.swift */ = {isa = PBXFileReference; lastKnownFileType = sourcecode.swift; path = AppFeature.swift; sourceTree = "<group>"; };
		7FB5471E2C80DA40008EBA9F /* AppFeatureTests.swift */ = {isa = PBXFileReference; lastKnownFileType = sourcecode.swift; path = AppFeatureTests.swift; sourceTree = "<group>"; };
		7FB547202C80E30D008EBA9F /* ContactsFeature.swift */ = {isa = PBXFileReference; lastKnownFileType = sourcecode.swift; path = ContactsFeature.swift; sourceTree = "<group>"; };
		7FB547222C80E470008EBA9F /* AddContactFeature.swift */ = {isa = PBXFileReference; lastKnownFileType = sourcecode.swift; path = AddContactFeature.swift; sourceTree = "<group>"; };
		7FE3F24C2C7E615000A6CEB4 /* OtherList.swift */ = {isa = PBXFileReference; lastKnownFileType = sourcecode.swift; path = OtherList.swift; sourceTree = "<group>"; };
		7FE3F24F2C7E619200A6CEB4 /* TCADemo.swift */ = {isa = PBXFileReference; lastKnownFileType = sourcecode.swift; path = TCADemo.swift; sourceTree = "<group>"; };
		7FE3F2512C7E61A200A6CEB4 /* CounterFeature.swift */ = {isa = PBXFileReference; lastKnownFileType = sourcecode.swift; path = CounterFeature.swift; sourceTree = "<group>"; };
		7FE3F2552C7E6C6C00A6CEB4 /* Info.plist */ = {isa = PBXFileReference; lastKnownFileType = text.plist; path = Info.plist; sourceTree = "<group>"; };
/* End PBXFileReference section */

/* Begin PBXFrameworksBuildPhase section */
		7F3A0D3C2C77D4C8005F4B2C /* Frameworks */ = {
			isa = PBXFrameworksBuildPhase;
			buildActionMask = 2147483647;
			files = (
				7FE3F24B2C7E610300A6CEB4 /* ComposableArchitecture in Frameworks */,
			);
			runOnlyForDeploymentPostprocessing = 0;
		};
		7F3A0D4E2C77D4CA005F4B2C /* Frameworks */ = {
			isa = PBXFrameworksBuildPhase;
			buildActionMask = 2147483647;
			files = (
			);
			runOnlyForDeploymentPostprocessing = 0;
		};
		7F3A0D582C77D4CA005F4B2C /* Frameworks */ = {
			isa = PBXFrameworksBuildPhase;
			buildActionMask = 2147483647;
			files = (
			);
			runOnlyForDeploymentPostprocessing = 0;
		};
/* End PBXFrameworksBuildPhase section */

/* Begin PBXGroup section */
		7F3A0D362C77D4C7005F4B2C = {
			isa = PBXGroup;
			children = (
				7F2620A12C7E76C40064CF68 /* SwiftUI-LearningSpace.xctestplan */,
				7F3A0D412C77D4C8005F4B2C /* SwiftUI-LearningSpace */,
				7F3A0D542C77D4CA005F4B2C /* SwiftUI-LearningSpaceTests */,
				7F3A0D5E2C77D4CA005F4B2C /* SwiftUI-LearningSpaceUITests */,
				7F3A0D402C77D4C8005F4B2C /* Products */,
			);
			sourceTree = "<group>";
		};
		7F3A0D402C77D4C8005F4B2C /* Products */ = {
			isa = PBXGroup;
			children = (
				7F3A0D3F2C77D4C8005F4B2C /* SwiftUI-LearningSpace.app */,
				7F3A0D512C77D4CA005F4B2C /* SwiftUI-LearningSpaceTests.xctest */,
				7F3A0D5B2C77D4CA005F4B2C /* SwiftUI-LearningSpaceUITests.xctest */,
			);
			name = Products;
			sourceTree = "<group>";
		};
		7F3A0D412C77D4C8005F4B2C /* SwiftUI-LearningSpace */ = {
			isa = PBXGroup;
			children = (
				7FE3F2552C7E6C6C00A6CEB4 /* Info.plist */,
				7F4553802C861B2E006AB6CC /* CutImage.swift */,
				7F45537F2C86185F006AB6CC /* CustomAnimations */,
				7FE3F24E2C7E618600A6CEB4 /* TCA */,
				7F3A0D422C77D4C8005F4B2C /* SwiftUI_LearningSpaceApp.swift */,
				7F3A0D482C77D4CA005F4B2C /* Assets.xcassets */,
				7F4553822C861E75006AB6CC /* Test.png */,
				7F3A0D4A2C77D4CA005F4B2C /* Preview Content */,
				7F3A0D6E2C77D9BA005F4B2C /* ContentView.swift */,
				7F7ACF442C78CAF0005F9FB7 /* CustomLists */,
				7F45537E2C861849006AB6CC /* CustomViews */,
			);
			path = "SwiftUI-LearningSpace";
			sourceTree = "<group>";
		};
		7F3A0D4A2C77D4CA005F4B2C /* Preview Content */ = {
			isa = PBXGroup;
			children = (
				7F3A0D4B2C77D4CA005F4B2C /* Preview Assets.xcassets */,
			);
			path = "Preview Content";
			sourceTree = "<group>";
		};
		7F3A0D542C77D4CA005F4B2C /* SwiftUI-LearningSpaceTests */ = {
			isa = PBXGroup;
			children = (
				7F3A0D552C77D4CA005F4B2C /* SwiftUI_LearningSpaceTests.swift */,
				7FB5471E2C80DA40008EBA9F /* AppFeatureTests.swift */,
			);
			path = "SwiftUI-LearningSpaceTests";
			sourceTree = "<group>";
		};
		7F3A0D5E2C77D4CA005F4B2C /* SwiftUI-LearningSpaceUITests */ = {
			isa = PBXGroup;
			children = (
				7F3A0D5F2C77D4CA005F4B2C /* SwiftUI_LearningSpaceUITests.swift */,
				7F3A0D612C77D4CA005F4B2C /* SwiftUI_LearningSpaceUITestsLaunchTests.swift */,
			);
			path = "SwiftUI-LearningSpaceUITests";
			sourceTree = "<group>";
		};
		7F45537E2C861849006AB6CC /* CustomViews */ = {
			isa = PBXGroup;
			children = (
				7F568C4C2C7D09CA00CDFA3D /* ShowWedge.swift */,
				7F568C4E2C7D09DF00CDFA3D /* LabeledWedge.swift */,
			);
			path = CustomViews;
			sourceTree = "<group>";
		};
		7F45537F2C86185F006AB6CC /* CustomAnimations */ = {
			isa = PBXGroup;
			children = (
				7F3A0D702C77DC71005F4B2C /* SpinWithDragGesture.swift */,
			);
			path = CustomAnimations;
			sourceTree = "<group>";
		};
		7F7ACF442C78CAF0005F9FB7 /* CustomLists */ = {
			isa = PBXGroup;
			children = (
				7F3A0D722C77DE83005F4B2C /* CustomAnimationList.swift */,
				7F568C4A2C7D095600CDFA3D /* CustomViewsList.swift */,
				7FE3F24C2C7E615000A6CEB4 /* OtherList.swift */,
			);
			path = CustomLists;
			sourceTree = "<group>";
		};
		7FE3F24E2C7E618600A6CEB4 /* TCA */ = {
			isa = PBXGroup;
			children = (
				7FB5471C2C80D392008EBA9F /* AppFeature.swift */,
				7FB547222C80E470008EBA9F /* AddContactFeature.swift */,
				7FB547202C80E30D008EBA9F /* ContactsFeature.swift */,
				7FE3F24F2C7E619200A6CEB4 /* TCADemo.swift */,
				7FE3F2512C7E61A200A6CEB4 /* CounterFeature.swift */,
				7F07D8CF2C7F8124004CE5E6 /* NumberFactClient.swift */,
			);
			path = TCA;
			sourceTree = "<group>";
		};
/* End PBXGroup section */

/* Begin PBXNativeTarget section */
		7F3A0D3E2C77D4C8005F4B2C /* SwiftUI-LearningSpace */ = {
			isa = PBXNativeTarget;
			buildConfigurationList = 7F3A0D652C77D4CA005F4B2C /* Build configuration list for PBXNativeTarget "SwiftUI-LearningSpace" */;
			buildPhases = (
				7F3A0D3B2C77D4C8005F4B2C /* Sources */,
				7F3A0D3C2C77D4C8005F4B2C /* Frameworks */,
				7F3A0D3D2C77D4C8005F4B2C /* Resources */,
			);
			buildRules = (
			);
			dependencies = (
			);
			name = "SwiftUI-LearningSpace";
			packageProductDependencies = (
				7FE3F24A2C7E610300A6CEB4 /* ComposableArchitecture */,
			);
			productName = "SwiftUI-LearningSpace";
			productReference = 7F3A0D3F2C77D4C8005F4B2C /* SwiftUI-LearningSpace.app */;
			productType = "com.apple.product-type.application";
		};
		7F3A0D502C77D4CA005F4B2C /* SwiftUI-LearningSpaceTests */ = {
			isa = PBXNativeTarget;
			buildConfigurationList = 7F3A0D682C77D4CA005F4B2C /* Build configuration list for PBXNativeTarget "SwiftUI-LearningSpaceTests" */;
			buildPhases = (
				7F3A0D4D2C77D4CA005F4B2C /* Sources */,
				7F3A0D4E2C77D4CA005F4B2C /* Frameworks */,
				7F3A0D4F2C77D4CA005F4B2C /* Resources */,
			);
			buildRules = (
			);
			dependencies = (
				7F3A0D532C77D4CA005F4B2C /* PBXTargetDependency */,
			);
			name = "SwiftUI-LearningSpaceTests";
			productName = "SwiftUI-LearningSpaceTests";
			productReference = 7F3A0D512C77D4CA005F4B2C /* SwiftUI-LearningSpaceTests.xctest */;
			productType = "com.apple.product-type.bundle.unit-test";
		};
		7F3A0D5A2C77D4CA005F4B2C /* SwiftUI-LearningSpaceUITests */ = {
			isa = PBXNativeTarget;
			buildConfigurationList = 7F3A0D6B2C77D4CA005F4B2C /* Build configuration list for PBXNativeTarget "SwiftUI-LearningSpaceUITests" */;
			buildPhases = (
				7F3A0D572C77D4CA005F4B2C /* Sources */,
				7F3A0D582C77D4CA005F4B2C /* Frameworks */,
				7F3A0D592C77D4CA005F4B2C /* Resources */,
			);
			buildRules = (
			);
			dependencies = (
				7F3A0D5D2C77D4CA005F4B2C /* PBXTargetDependency */,
			);
			name = "SwiftUI-LearningSpaceUITests";
			productName = "SwiftUI-LearningSpaceUITests";
			productReference = 7F3A0D5B2C77D4CA005F4B2C /* SwiftUI-LearningSpaceUITests.xctest */;
			productType = "com.apple.product-type.bundle.ui-testing";
		};
/* End PBXNativeTarget section */

/* Begin PBXProject section */
		7F3A0D372C77D4C7005F4B2C /* Project object */ = {
			isa = PBXProject;
			attributes = {
				BuildIndependentTargetsInParallel = 1;
				LastSwiftUpdateCheck = 1520;
				LastUpgradeCheck = 1520;
				TargetAttributes = {
					7F3A0D3E2C77D4C8005F4B2C = {
						CreatedOnToolsVersion = 15.2;
					};
					7F3A0D502C77D4CA005F4B2C = {
						CreatedOnToolsVersion = 15.2;
						TestTargetID = 7F3A0D3E2C77D4C8005F4B2C;
					};
					7F3A0D5A2C77D4CA005F4B2C = {
						CreatedOnToolsVersion = 15.2;
						TestTargetID = 7F3A0D3E2C77D4C8005F4B2C;
					};
				};
			};
			buildConfigurationList = 7F3A0D3A2C77D4C7005F4B2C /* Build configuration list for PBXProject "SwiftUI-LearningSpace" */;
			compatibilityVersion = "Xcode 14.0";
			developmentRegion = en;
			hasScannedForEncodings = 0;
			knownRegions = (
				en,
				Base,
			);
			mainGroup = 7F3A0D362C77D4C7005F4B2C;
			packageReferences = (
				7FE3F2492C7E610200A6CEB4 /* XCRemoteSwiftPackageReference "swift-composable-architecture" */,
			);
			productRefGroup = 7F3A0D402C77D4C8005F4B2C /* Products */;
			projectDirPath = "";
			projectRoot = "";
			targets = (
				7F3A0D3E2C77D4C8005F4B2C /* SwiftUI-LearningSpace */,
				7F3A0D502C77D4CA005F4B2C /* SwiftUI-LearningSpaceTests */,
				7F3A0D5A2C77D4CA005F4B2C /* SwiftUI-LearningSpaceUITests */,
			);
		};
/* End PBXProject section */

/* Begin PBXResourcesBuildPhase section */
		7F3A0D3D2C77D4C8005F4B2C /* Resources */ = {
			isa = PBXResourcesBuildPhase;
			buildActionMask = 2147483647;
			files = (
				7F4553832C861E75006AB6CC /* Test.png in Resources */,
				7F3A0D4C2C77D4CA005F4B2C /* Preview Assets.xcassets in Resources */,
				7F3A0D492C77D4CA005F4B2C /* Assets.xcassets in Resources */,
			);
			runOnlyForDeploymentPostprocessing = 0;
		};
		7F3A0D4F2C77D4CA005F4B2C /* Resources */ = {
			isa = PBXResourcesBuildPhase;
			buildActionMask = 2147483647;
			files = (
			);
			runOnlyForDeploymentPostprocessing = 0;
		};
		7F3A0D592C77D4CA005F4B2C /* Resources */ = {
			isa = PBXResourcesBuildPhase;
			buildActionMask = 2147483647;
			files = (
			);
			runOnlyForDeploymentPostprocessing = 0;
		};
/* End PBXResourcesBuildPhase section */

/* Begin PBXSourcesBuildPhase section */
		7F3A0D3B2C77D4C8005F4B2C /* Sources */ = {
			isa = PBXSourcesBuildPhase;
			buildActionMask = 2147483647;
			files = (
				7F4553812C861B2E006AB6CC /* CutImage.swift in Sources */,
				7FE3F24D2C7E615000A6CEB4 /* OtherList.swift in Sources */,
				7FB547232C80E470008EBA9F /* AddContactFeature.swift in Sources */,
				7FE3F2522C7E61A200A6CEB4 /* CounterFeature.swift in Sources */,
				7F3A0D6F2C77D9BA005F4B2C /* ContentView.swift in Sources */,
				7F568C4F2C7D09DF00CDFA3D /* LabeledWedge.swift in Sources */,
				7F3A0D712C77DC71005F4B2C /* SpinWithDragGesture.swift in Sources */,
				7F3A0D432C77D4C8005F4B2C /* SwiftUI_LearningSpaceApp.swift in Sources */,
				7F568C4B2C7D095600CDFA3D /* CustomViewsList.swift in Sources */,
				7FE3F2502C7E619200A6CEB4 /* TCADemo.swift in Sources */,
				7F3A0D732C77DE83005F4B2C /* CustomAnimationList.swift in Sources */,
				7F07D8D02C7F8124004CE5E6 /* NumberFactClient.swift in Sources */,
				7FB547212C80E30D008EBA9F /* ContactsFeature.swift in Sources */,
				7FB5471D2C80D392008EBA9F /* AppFeature.swift in Sources */,
				7F568C4D2C7D09CA00CDFA3D /* ShowWedge.swift in Sources */,
			);
			runOnlyForDeploymentPostprocessing = 0;
		};
		7F3A0D4D2C77D4CA005F4B2C /* Sources */ = {
			isa = PBXSourcesBuildPhase;
			buildActionMask = 2147483647;
			files = (
				7F3A0D562C77D4CA005F4B2C /* SwiftUI_LearningSpaceTests.swift in Sources */,
				7FB5471F2C80DA40008EBA9F /* AppFeatureTests.swift in Sources */,
			);
			runOnlyForDeploymentPostprocessing = 0;
		};
		7F3A0D572C77D4CA005F4B2C /* Sources */ = {
			isa = PBXSourcesBuildPhase;
			buildActionMask = 2147483647;
			files = (
				7F3A0D602C77D4CA005F4B2C /* SwiftUI_LearningSpaceUITests.swift in Sources */,
				7F3A0D622C77D4CA005F4B2C /* SwiftUI_LearningSpaceUITestsLaunchTests.swift in Sources */,
			);
			runOnlyForDeploymentPostprocessing = 0;
		};
/* End PBXSourcesBuildPhase section */

/* Begin PBXTargetDependency section */
		7F3A0D532C77D4CA005F4B2C /* PBXTargetDependency */ = {
			isa = PBXTargetDependency;
			target = 7F3A0D3E2C77D4C8005F4B2C /* SwiftUI-LearningSpace */;
			targetProxy = 7F3A0D522C77D4CA005F4B2C /* PBXContainerItemProxy */;
		};
		7F3A0D5D2C77D4CA005F4B2C /* PBXTargetDependency */ = {
			isa = PBXTargetDependency;
			target = 7F3A0D3E2C77D4C8005F4B2C /* SwiftUI-LearningSpace */;
			targetProxy = 7F3A0D5C2C77D4CA005F4B2C /* PBXContainerItemProxy */;
		};
/* End PBXTargetDependency section */

/* Begin XCBuildConfiguration section */
		7F3A0D632C77D4CA005F4B2C /* Debug */ = {
			isa = XCBuildConfiguration;
			buildSettings = {
				ALWAYS_SEARCH_USER_PATHS = NO;
				ASSETCATALOG_COMPILER_GENERATE_SWIFT_ASSET_SYMBOL_EXTENSIONS = YES;
				CLANG_ANALYZER_NONNULL = YES;
				CLANG_ANALYZER_NUMBER_OBJECT_CONVERSION = YES_AGGRESSIVE;
				CLANG_CXX_LANGUAGE_STANDARD = "gnu++20";
				CLANG_ENABLE_MODULES = YES;
				CLANG_ENABLE_OBJC_ARC = YES;
				CLANG_ENABLE_OBJC_WEAK = YES;
				CLANG_WARN_BLOCK_CAPTURE_AUTORELEASING = YES;
				CLANG_WARN_BOOL_CONVERSION = YES;
				CLANG_WARN_COMMA = YES;
				CLANG_WARN_CONSTANT_CONVERSION = YES;
				CLANG_WARN_DEPRECATED_OBJC_IMPLEMENTATIONS = YES;
				CLANG_WARN_DIRECT_OBJC_ISA_USAGE = YES_ERROR;
				CLANG_WARN_DOCUMENTATION_COMMENTS = YES;
				CLANG_WARN_EMPTY_BODY = YES;
				CLANG_WARN_ENUM_CONVERSION = YES;
				CLANG_WARN_INFINITE_RECURSION = YES;
				CLANG_WARN_INT_CONVERSION = YES;
				CLANG_WARN_NON_LITERAL_NULL_CONVERSION = YES;
				CLANG_WARN_OBJC_IMPLICIT_RETAIN_SELF = YES;
				CLANG_WARN_OBJC_LITERAL_CONVERSION = YES;
				CLANG_WARN_OBJC_ROOT_CLASS = YES_ERROR;
				CLANG_WARN_QUOTED_INCLUDE_IN_FRAMEWORK_HEADER = YES;
				CLANG_WARN_RANGE_LOOP_ANALYSIS = YES;
				CLANG_WARN_STRICT_PROTOTYPES = YES;
				CLANG_WARN_SUSPICIOUS_MOVE = YES;
				CLANG_WARN_UNGUARDED_AVAILABILITY = YES_AGGRESSIVE;
				CLANG_WARN_UNREACHABLE_CODE = YES;
				CLANG_WARN__DUPLICATE_METHOD_MATCH = YES;
				COPY_PHASE_STRIP = NO;
				DEBUG_INFORMATION_FORMAT = dwarf;
				ENABLE_STRICT_OBJC_MSGSEND = YES;
				ENABLE_TESTABILITY = YES;
				ENABLE_USER_SCRIPT_SANDBOXING = YES;
				GCC_C_LANGUAGE_STANDARD = gnu17;
				GCC_DYNAMIC_NO_PIC = NO;
				GCC_NO_COMMON_BLOCKS = YES;
				GCC_OPTIMIZATION_LEVEL = 0;
				GCC_PREPROCESSOR_DEFINITIONS = (
					"DEBUG=1",
					"$(inherited)",
				);
				GCC_WARN_64_TO_32_BIT_CONVERSION = YES;
				GCC_WARN_ABOUT_RETURN_TYPE = YES_ERROR;
				GCC_WARN_UNDECLARED_SELECTOR = YES;
				GCC_WARN_UNINITIALIZED_AUTOS = YES_AGGRESSIVE;
				GCC_WARN_UNUSED_FUNCTION = YES;
				GCC_WARN_UNUSED_VARIABLE = YES;
				IPHONEOS_DEPLOYMENT_TARGET = 17.2;
				LOCALIZATION_PREFERS_STRING_CATALOGS = YES;
				MTL_ENABLE_DEBUG_INFO = INCLUDE_SOURCE;
				MTL_FAST_MATH = YES;
				ONLY_ACTIVE_ARCH = YES;
				SDKROOT = iphoneos;
				SWIFT_ACTIVE_COMPILATION_CONDITIONS = "DEBUG $(inherited)";
				SWIFT_OPTIMIZATION_LEVEL = "-Onone";
			};
			name = Debug;
		};
		7F3A0D642C77D4CA005F4B2C /* Release */ = {
			isa = XCBuildConfiguration;
			buildSettings = {
				ALWAYS_SEARCH_USER_PATHS = NO;
				ASSETCATALOG_COMPILER_GENERATE_SWIFT_ASSET_SYMBOL_EXTENSIONS = YES;
				CLANG_ANALYZER_NONNULL = YES;
				CLANG_ANALYZER_NUMBER_OBJECT_CONVERSION = YES_AGGRESSIVE;
				CLANG_CXX_LANGUAGE_STANDARD = "gnu++20";
				CLANG_ENABLE_MODULES = YES;
				CLANG_ENABLE_OBJC_ARC = YES;
				CLANG_ENABLE_OBJC_WEAK = YES;
				CLANG_WARN_BLOCK_CAPTURE_AUTORELEASING = YES;
				CLANG_WARN_BOOL_CONVERSION = YES;
				CLANG_WARN_COMMA = YES;
				CLANG_WARN_CONSTANT_CONVERSION = YES;
				CLANG_WARN_DEPRECATED_OBJC_IMPLEMENTATIONS = YES;
				CLANG_WARN_DIRECT_OBJC_ISA_USAGE = YES_ERROR;
				CLANG_WARN_DOCUMENTATION_COMMENTS = YES;
				CLANG_WARN_EMPTY_BODY = YES;
				CLANG_WARN_ENUM_CONVERSION = YES;
				CLANG_WARN_INFINITE_RECURSION = YES;
				CLANG_WARN_INT_CONVERSION = YES;
				CLANG_WARN_NON_LITERAL_NULL_CONVERSION = YES;
				CLANG_WARN_OBJC_IMPLICIT_RETAIN_SELF = YES;
				CLANG_WARN_OBJC_LITERAL_CONVERSION = YES;
				CLANG_WARN_OBJC_ROOT_CLASS = YES_ERROR;
				CLANG_WARN_QUOTED_INCLUDE_IN_FRAMEWORK_HEADER = YES;
				CLANG_WARN_RANGE_LOOP_ANALYSIS = YES;
				CLANG_WARN_STRICT_PROTOTYPES = YES;
				CLANG_WARN_SUSPICIOUS_MOVE = YES;
				CLANG_WARN_UNGUARDED_AVAILABILITY = YES_AGGRESSIVE;
				CLANG_WARN_UNREACHABLE_CODE = YES;
				CLANG_WARN__DUPLICATE_METHOD_MATCH = YES;
				COPY_PHASE_STRIP = NO;
				DEBUG_INFORMATION_FORMAT = "dwarf-with-dsym";
				ENABLE_NS_ASSERTIONS = NO;
				ENABLE_STRICT_OBJC_MSGSEND = YES;
				ENABLE_USER_SCRIPT_SANDBOXING = YES;
				GCC_C_LANGUAGE_STANDARD = gnu17;
				GCC_NO_COMMON_BLOCKS = YES;
				GCC_WARN_64_TO_32_BIT_CONVERSION = YES;
				GCC_WARN_ABOUT_RETURN_TYPE = YES_ERROR;
				GCC_WARN_UNDECLARED_SELECTOR = YES;
				GCC_WARN_UNINITIALIZED_AUTOS = YES_AGGRESSIVE;
				GCC_WARN_UNUSED_FUNCTION = YES;
				GCC_WARN_UNUSED_VARIABLE = YES;
				IPHONEOS_DEPLOYMENT_TARGET = 17.2;
				LOCALIZATION_PREFERS_STRING_CATALOGS = YES;
				MTL_ENABLE_DEBUG_INFO = NO;
				MTL_FAST_MATH = YES;
				SDKROOT = iphoneos;
				SWIFT_COMPILATION_MODE = wholemodule;
				VALIDATE_PRODUCT = YES;
			};
			name = Release;
		};
		7F3A0D662C77D4CA005F4B2C /* Debug */ = {
			isa = XCBuildConfiguration;
			buildSettings = {
				ASSETCATALOG_COMPILER_APPICON_NAME = AppIcon;
				ASSETCATALOG_COMPILER_GLOBAL_ACCENT_COLOR_NAME = AccentColor;
				CODE_SIGN_STYLE = Automatic;
				CURRENT_PROJECT_VERSION = 1;
				DEVELOPMENT_ASSET_PATHS = "\"SwiftUI-LearningSpace/Preview Content\"";
				DEVELOPMENT_TEAM = J55VB692GX;
				ENABLE_PREVIEWS = YES;
				GENERATE_INFOPLIST_FILE = YES;
				INFOPLIST_FILE = "SwiftUI-LearningSpace/Info.plist";
				INFOPLIST_KEY_UIApplicationSceneManifest_Generation = YES;
				INFOPLIST_KEY_UIApplicationSupportsIndirectInputEvents = YES;
				INFOPLIST_KEY_UILaunchScreen_Generation = YES;
				INFOPLIST_KEY_UISupportedInterfaceOrientations_iPad = "UIInterfaceOrientationPortrait UIInterfaceOrientationPortraitUpsideDown UIInterfaceOrientationLandscapeLeft UIInterfaceOrientationLandscapeRight";
				INFOPLIST_KEY_UISupportedInterfaceOrientations_iPhone = "UIInterfaceOrientationPortrait UIInterfaceOrientationLandscapeLeft UIInterfaceOrientationLandscapeRight";
				LD_RUNPATH_SEARCH_PATHS = (
					"$(inherited)",
					"@executable_path/Frameworks",
				);
				MARKETING_VERSION = 1.0;
				PRODUCT_BUNDLE_IDENTIFIER = "com.ahmadbushnaq.SwiftUI-LearningSpace";
				PRODUCT_NAME = "$(TARGET_NAME)";
				SWIFT_EMIT_LOC_STRINGS = YES;
				SWIFT_VERSION = 5.0;
				TARGETED_DEVICE_FAMILY = "1,2";
			};
			name = Debug;
		};
		7F3A0D672C77D4CA005F4B2C /* Release */ = {
			isa = XCBuildConfiguration;
			buildSettings = {
				ASSETCATALOG_COMPILER_APPICON_NAME = AppIcon;
				ASSETCATALOG_COMPILER_GLOBAL_ACCENT_COLOR_NAME = AccentColor;
				CODE_SIGN_STYLE = Automatic;
				CURRENT_PROJECT_VERSION = 1;
				DEVELOPMENT_ASSET_PATHS = "\"SwiftUI-LearningSpace/Preview Content\"";
				DEVELOPMENT_TEAM = J55VB692GX;
				ENABLE_PREVIEWS = YES;
				GENERATE_INFOPLIST_FILE = YES;
				INFOPLIST_FILE = "SwiftUI-LearningSpace/Info.plist";
				INFOPLIST_KEY_UIApplicationSceneManifest_Generation = YES;
				INFOPLIST_KEY_UIApplicationSupportsIndirectInputEvents = YES;
				INFOPLIST_KEY_UILaunchScreen_Generation = YES;
				INFOPLIST_KEY_UISupportedInterfaceOrientations_iPad = "UIInterfaceOrientationPortrait UIInterfaceOrientationPortraitUpsideDown UIInterfaceOrientationLandscapeLeft UIInterfaceOrientationLandscapeRight";
				INFOPLIST_KEY_UISupportedInterfaceOrientations_iPhone = "UIInterfaceOrientationPortrait UIInterfaceOrientationLandscapeLeft UIInterfaceOrientationLandscapeRight";
				LD_RUNPATH_SEARCH_PATHS = (
					"$(inherited)",
					"@executable_path/Frameworks",
				);
				MARKETING_VERSION = 1.0;
				PRODUCT_BUNDLE_IDENTIFIER = "com.ahmadbushnaq.SwiftUI-LearningSpace";
				PRODUCT_NAME = "$(TARGET_NAME)";
				SWIFT_EMIT_LOC_STRINGS = YES;
				SWIFT_VERSION = 5.0;
				TARGETED_DEVICE_FAMILY = "1,2";
			};
			name = Release;
		};
		7F3A0D692C77D4CA005F4B2C /* Debug */ = {
			isa = XCBuildConfiguration;
			buildSettings = {
				ALWAYS_EMBED_SWIFT_STANDARD_LIBRARIES = YES;
				BUNDLE_LOADER = "$(TEST_HOST)";
				CODE_SIGN_STYLE = Automatic;
				CURRENT_PROJECT_VERSION = 1;
				DEVELOPMENT_TEAM = J55VB692GX;
				GENERATE_INFOPLIST_FILE = YES;
				IPHONEOS_DEPLOYMENT_TARGET = 17.2;
				MARKETING_VERSION = 1.0;
				PRODUCT_BUNDLE_IDENTIFIER = "com.ahmadbushnaq.SwiftUI-LearningSpaceTests";
				PRODUCT_NAME = "$(TARGET_NAME)";
				SWIFT_EMIT_LOC_STRINGS = NO;
				SWIFT_VERSION = 5.0;
				TARGETED_DEVICE_FAMILY = "1,2";
				TEST_HOST = "$(BUILT_PRODUCTS_DIR)/SwiftUI-LearningSpace.app/$(BUNDLE_EXECUTABLE_FOLDER_PATH)/SwiftUI-LearningSpace";
			};
			name = Debug;
		};
		7F3A0D6A2C77D4CA005F4B2C /* Release */ = {
			isa = XCBuildConfiguration;
			buildSettings = {
				ALWAYS_EMBED_SWIFT_STANDARD_LIBRARIES = YES;
				BUNDLE_LOADER = "$(TEST_HOST)";
				CODE_SIGN_STYLE = Automatic;
				CURRENT_PROJECT_VERSION = 1;
				DEVELOPMENT_TEAM = J55VB692GX;
				GENERATE_INFOPLIST_FILE = YES;
				IPHONEOS_DEPLOYMENT_TARGET = 17.2;
				MARKETING_VERSION = 1.0;
				PRODUCT_BUNDLE_IDENTIFIER = "com.ahmadbushnaq.SwiftUI-LearningSpaceTests";
				PRODUCT_NAME = "$(TARGET_NAME)";
				SWIFT_EMIT_LOC_STRINGS = NO;
				SWIFT_VERSION = 5.0;
				TARGETED_DEVICE_FAMILY = "1,2";
				TEST_HOST = "$(BUILT_PRODUCTS_DIR)/SwiftUI-LearningSpace.app/$(BUNDLE_EXECUTABLE_FOLDER_PATH)/SwiftUI-LearningSpace";
			};
			name = Release;
		};
		7F3A0D6C2C77D4CA005F4B2C /* Debug */ = {
			isa = XCBuildConfiguration;
			buildSettings = {
				ALWAYS_EMBED_SWIFT_STANDARD_LIBRARIES = YES;
				CODE_SIGN_STYLE = Automatic;
				CURRENT_PROJECT_VERSION = 1;
				DEVELOPMENT_TEAM = J55VB692GX;
				GENERATE_INFOPLIST_FILE = YES;
				MARKETING_VERSION = 1.0;
				PRODUCT_BUNDLE_IDENTIFIER = "com.ahmadbushnaq.SwiftUI-LearningSpaceUITests";
				PRODUCT_NAME = "$(TARGET_NAME)";
				SWIFT_EMIT_LOC_STRINGS = NO;
				SWIFT_VERSION = 5.0;
				TARGETED_DEVICE_FAMILY = "1,2";
				TEST_TARGET_NAME = "SwiftUI-LearningSpace";
			};
			name = Debug;
		};
		7F3A0D6D2C77D4CA005F4B2C /* Release */ = {
			isa = XCBuildConfiguration;
			buildSettings = {
				ALWAYS_EMBED_SWIFT_STANDARD_LIBRARIES = YES;
				CODE_SIGN_STYLE = Automatic;
				CURRENT_PROJECT_VERSION = 1;
				DEVELOPMENT_TEAM = J55VB692GX;
				GENERATE_INFOPLIST_FILE = YES;
				MARKETING_VERSION = 1.0;
				PRODUCT_BUNDLE_IDENTIFIER = "com.ahmadbushnaq.SwiftUI-LearningSpaceUITests";
				PRODUCT_NAME = "$(TARGET_NAME)";
				SWIFT_EMIT_LOC_STRINGS = NO;
				SWIFT_VERSION = 5.0;
				TARGETED_DEVICE_FAMILY = "1,2";
				TEST_TARGET_NAME = "SwiftUI-LearningSpace";
			};
			name = Release;
		};
/* End XCBuildConfiguration section */

/* Begin XCConfigurationList section */
		7F3A0D3A2C77D4C7005F4B2C /* Build configuration list for PBXProject "SwiftUI-LearningSpace" */ = {
			isa = XCConfigurationList;
			buildConfigurations = (
				7F3A0D632C77D4CA005F4B2C /* Debug */,
				7F3A0D642C77D4CA005F4B2C /* Release */,
			);
			defaultConfigurationIsVisible = 0;
			defaultConfigurationName = Release;
		};
		7F3A0D652C77D4CA005F4B2C /* Build configuration list for PBXNativeTarget "SwiftUI-LearningSpace" */ = {
			isa = XCConfigurationList;
			buildConfigurations = (
				7F3A0D662C77D4CA005F4B2C /* Debug */,
				7F3A0D672C77D4CA005F4B2C /* Release */,
			);
			defaultConfigurationIsVisible = 0;
			defaultConfigurationName = Release;
		};
		7F3A0D682C77D4CA005F4B2C /* Build configuration list for PBXNativeTarget "SwiftUI-LearningSpaceTests" */ = {
			isa = XCConfigurationList;
			buildConfigurations = (
				7F3A0D692C77D4CA005F4B2C /* Debug */,
				7F3A0D6A2C77D4CA005F4B2C /* Release */,
			);
			defaultConfigurationIsVisible = 0;
			defaultConfigurationName = Release;
		};
		7F3A0D6B2C77D4CA005F4B2C /* Build configuration list for PBXNativeTarget "SwiftUI-LearningSpaceUITests" */ = {
			isa = XCConfigurationList;
			buildConfigurations = (
				7F3A0D6C2C77D4CA005F4B2C /* Debug */,
				7F3A0D6D2C77D4CA005F4B2C /* Release */,
			);
			defaultConfigurationIsVisible = 0;
			defaultConfigurationName = Release;
		};
/* End XCConfigurationList section */

/* Begin XCRemoteSwiftPackageReference section */
		7FE3F2492C7E610200A6CEB4 /* XCRemoteSwiftPackageReference "swift-composable-architecture" */ = {
			isa = XCRemoteSwiftPackageReference;
			repositoryURL = "https://github.com/pointfreeco/swift-composable-architecture";
			requirement = {
				kind = exactVersion;
				version = 1.13.1;
			};
		};
/* End XCRemoteSwiftPackageReference section */

/* Begin XCSwiftPackageProductDependency section */
		7FE3F24A2C7E610300A6CEB4 /* ComposableArchitecture */ = {
			isa = XCSwiftPackageProductDependency;
			package = 7FE3F2492C7E610200A6CEB4 /* XCRemoteSwiftPackageReference "swift-composable-architecture" */;
			productName = ComposableArchitecture;
		};
/* End XCSwiftPackageProductDependency section */
	};
	rootObject = 7F3A0D372C77D4C7005F4B2C /* Project object */;
}
